// !$*UTF8*$!
{
	archiveVersion = 1;
	classes = {
	};
	objectVersion = 55;
	objects = {

/* Begin PBXBuildFile section */
		2E1386812763F54E00076516 /* AppDelegate.swift in Sources */ = {isa = PBXBuildFile; fileRef = 2E1386802763F54E00076516 /* AppDelegate.swift */; };
		2E1386832763F54E00076516 /* SceneDelegate.swift in Sources */ = {isa = PBXBuildFile; fileRef = 2E1386822763F54E00076516 /* SceneDelegate.swift */; };
		2E1386852763F54E00076516 /* ViewController.swift in Sources */ = {isa = PBXBuildFile; fileRef = 2E1386842763F54E00076516 /* ViewController.swift */; };
		2E1386872763F55100076516 /* Assets.xcassets in Resources */ = {isa = PBXBuildFile; fileRef = 2E1386862763F55100076516 /* Assets.xcassets */; };
		2E13868A2763F55100076516 /* LaunchScreen.storyboard in Resources */ = {isa = PBXBuildFile; fileRef = 2E1386882763F55100076516 /* LaunchScreen.storyboard */; };
		2E1386952763F55100076516 /* TwelveCalcTests.swift in Sources */ = {isa = PBXBuildFile; fileRef = 2E1386942763F55100076516 /* TwelveCalcTests.swift */; };
		2E13869F2763F55100076516 /* TwelveCalcUITests.swift in Sources */ = {isa = PBXBuildFile; fileRef = 2E13869E2763F55100076516 /* TwelveCalcUITests.swift */; };
		2E1386A12763F55100076516 /* TwelveCalcUITestsLaunchTests.swift in Sources */ = {isa = PBXBuildFile; fileRef = 2E1386A02763F55100076516 /* TwelveCalcUITestsLaunchTests.swift */; };
		2E1386AB2763F55100076516 /* TwelveCalcTests.swift in Sources */ = {isa = PBXBuildFile; fileRef = 2E1386AA2763F55100076516 /* TwelveCalcTests.swift */; };
/* End PBXBuildFile section */

/* Begin PBXContainerItemProxy section */
		2E1386912763F55100076516 /* PBXContainerItemProxy */ = {
			isa = PBXContainerItemProxy;
			containerPortal = 2E1386752763F54E00076516 /* Project object */;
			proxyType = 1;
			remoteGlobalIDString = 2E13867C2763F54E00076516;
			remoteInfo = TwelveCalc;
		};
		2E13869B2763F55100076516 /* PBXContainerItemProxy */ = {
			isa = PBXContainerItemProxy;
			containerPortal = 2E1386752763F54E00076516 /* Project object */;
			proxyType = 1;
			remoteGlobalIDString = 2E13867C2763F54E00076516;
			remoteInfo = TwelveCalc;
		};
		2E1386A72763F55100076516 /* PBXContainerItemProxy */ = {
			isa = PBXContainerItemProxy;
			containerPortal = 2E1386752763F54E00076516 /* Project object */;
			proxyType = 1;
			remoteGlobalIDString = 2E13867C2763F54E00076516;
			remoteInfo = TwelveCalc;
		};
/* End PBXContainerItemProxy section */

/* Begin PBXFileReference section */
		2E13867D2763F54E00076516 /* TwelveCalc.app */ = {isa = PBXFileReference; explicitFileType = wrapper.application; includeInIndex = 0; path = TwelveCalc.app; sourceTree = BUILT_PRODUCTS_DIR; };
		2E1386802763F54E00076516 /* AppDelegate.swift */ = {isa = PBXFileReference; lastKnownFileType = sourcecode.swift; path = AppDelegate.swift; sourceTree = "<group>"; };
		2E1386822763F54E00076516 /* SceneDelegate.swift */ = {isa = PBXFileReference; lastKnownFileType = sourcecode.swift; path = SceneDelegate.swift; sourceTree = "<group>"; };
		2E1386842763F54E00076516 /* ViewController.swift */ = {isa = PBXFileReference; lastKnownFileType = sourcecode.swift; path = ViewController.swift; sourceTree = "<group>"; };
		2E1386862763F55100076516 /* Assets.xcassets */ = {isa = PBXFileReference; lastKnownFileType = folder.assetcatalog; path = Assets.xcassets; sourceTree = "<group>"; };
		2E1386892763F55100076516 /* Base */ = {isa = PBXFileReference; lastKnownFileType = file.storyboard; name = Base; path = Base.lproj/LaunchScreen.storyboard; sourceTree = "<group>"; };
		2E13868B2763F55100076516 /* Info.plist */ = {isa = PBXFileReference; lastKnownFileType = text.plist.xml; path = Info.plist; sourceTree = "<group>"; };
		2E1386902763F55100076516 /* TwelveCalcTests.xctest */ = {isa = PBXFileReference; explicitFileType = wrapper.cfbundle; includeInIndex = 0; path = TwelveCalcTests.xctest; sourceTree = BUILT_PRODUCTS_DIR; };
		2E1386942763F55100076516 /* TwelveCalcTests.swift */ = {isa = PBXFileReference; lastKnownFileType = sourcecode.swift; path = TwelveCalcTests.swift; sourceTree = "<group>"; };
		2E13869A2763F55100076516 /* TwelveCalcUITests.xctest */ = {isa = PBXFileReference; explicitFileType = wrapper.cfbundle; includeInIndex = 0; path = TwelveCalcUITests.xctest; sourceTree = BUILT_PRODUCTS_DIR; };
		2E13869E2763F55100076516 /* TwelveCalcUITests.swift */ = {isa = PBXFileReference; lastKnownFileType = sourcecode.swift; path = TwelveCalcUITests.swift; sourceTree = "<group>"; };
		2E1386A02763F55100076516 /* TwelveCalcUITestsLaunchTests.swift */ = {isa = PBXFileReference; lastKnownFileType = sourcecode.swift; path = TwelveCalcUITestsLaunchTests.swift; sourceTree = "<group>"; };
		2E1386A62763F55100076516 /* TwelveCalcTests.xctest */ = {isa = PBXFileReference; explicitFileType = wrapper.cfbundle; includeInIndex = 0; path = TwelveCalcTests.xctest; sourceTree = BUILT_PRODUCTS_DIR; };
		2E1386AA2763F55100076516 /* TwelveCalcTests.swift */ = {isa = PBXFileReference; lastKnownFileType = sourcecode.swift; path = TwelveCalcTests.swift; sourceTree = "<group>"; };
/* End PBXFileReference section */

/* Begin PBXFrameworksBuildPhase section */
		2E13867A2763F54E00076516 /* Frameworks */ = {
			isa = PBXFrameworksBuildPhase;
			buildActionMask = 2147483647;
			files = (
			);
			runOnlyForDeploymentPostprocessing = 0;
		};
		2E13868D2763F55100076516 /* Frameworks */ = {
			isa = PBXFrameworksBuildPhase;
			buildActionMask = 2147483647;
			files = (
			);
			runOnlyForDeploymentPostprocessing = 0;
		};
		2E1386972763F55100076516 /* Frameworks */ = {
			isa = PBXFrameworksBuildPhase;
			buildActionMask = 2147483647;
			files = (
			);
			runOnlyForDeploymentPostprocessing = 0;
		};
		2E1386A32763F55100076516 /* Frameworks */ = {
			isa = PBXFrameworksBuildPhase;
			buildActionMask = 2147483647;
			files = (
			);
			runOnlyForDeploymentPostprocessing = 0;
		};
/* End PBXFrameworksBuildPhase section */

/* Begin PBXGroup section */
		2E1386742763F54E00076516 = {
			isa = PBXGroup;
			children = (
				2E13867F2763F54E00076516 /* TwelveCalc */,
				2E1386932763F55100076516 /* TwelveCalcTests */,
				2E13869D2763F55100076516 /* TwelveCalcUITests */,
				2E1386A92763F55100076516 /* TwelveCalcTests */,
				2E13867E2763F54E00076516 /* Products */,
			);
			sourceTree = "<group>";
		};
		2E13867E2763F54E00076516 /* Products */ = {
			isa = PBXGroup;
			children = (
				2E13867D2763F54E00076516 /* TwelveCalc.app */,
				2E1386902763F55100076516 /* TwelveCalcTests.xctest */,
				2E13869A2763F55100076516 /* TwelveCalcUITests.xctest */,
				2E1386A62763F55100076516 /* TwelveCalcTests.xctest */,
			);
			name = Products;
			sourceTree = "<group>";
		};
		2E13867F2763F54E00076516 /* TwelveCalc */ = {
			isa = PBXGroup;
			children = (
				2E1386802763F54E00076516 /* AppDelegate.swift */,
				2E1386822763F54E00076516 /* SceneDelegate.swift */,
				2E1386842763F54E00076516 /* ViewController.swift */,
				2E1386862763F55100076516 /* Assets.xcassets */,
				2E1386882763F55100076516 /* LaunchScreen.storyboard */,
				2E13868B2763F55100076516 /* Info.plist */,
			);
			path = TwelveCalc;
			sourceTree = "<group>";
		};
		2E1386932763F55100076516 /* TwelveCalcTests */ = {
			isa = PBXGroup;
			children = (
				2E1386942763F55100076516 /* TwelveCalcTests.swift */,
			);
			path = TwelveCalcTests;
			sourceTree = "<group>";
		};
		2E13869D2763F55100076516 /* TwelveCalcUITests */ = {
			isa = PBXGroup;
			children = (
				2E13869E2763F55100076516 /* TwelveCalcUITests.swift */,
				2E1386A02763F55100076516 /* TwelveCalcUITestsLaunchTests.swift */,
			);
			path = TwelveCalcUITests;
			sourceTree = "<group>";
		};
		2E1386A92763F55100076516 /* TwelveCalcTests */ = {
			isa = PBXGroup;
			children = (
				2E1386AA2763F55100076516 /* TwelveCalcTests.swift */,
			);
			path = TwelveCalcTests;
			sourceTree = "<group>";
		};
/* End PBXGroup section */

/* Begin PBXNativeTarget section */
		2E13867C2763F54E00076516 /* TwelveCalc */ = {
			isa = PBXNativeTarget;
			buildConfigurationList = 2E1386AE2763F55100076516 /* Build configuration list for PBXNativeTarget "TwelveCalc" */;
			buildPhases = (
				2E1386792763F54E00076516 /* Sources */,
				2E13867A2763F54E00076516 /* Frameworks */,
				2E13867B2763F54E00076516 /* Resources */,
			);
			buildRules = (
			);
			dependencies = (
			);
			name = TwelveCalc;
			productName = TwelveCalc;
			productReference = 2E13867D2763F54E00076516 /* TwelveCalc.app */;
			productType = "com.apple.product-type.application";
		};
		2E13868F2763F55100076516 /* TwelveCalcTests */ = {
			isa = PBXNativeTarget;
			buildConfigurationList = 2E1386B12763F55100076516 /* Build configuration list for PBXNativeTarget "TwelveCalcTests" */;
			buildPhases = (
				2E13868C2763F55100076516 /* Sources */,
				2E13868D2763F55100076516 /* Frameworks */,
				2E13868E2763F55100076516 /* Resources */,
			);
			buildRules = (
			);
			dependencies = (
				2E1386922763F55100076516 /* PBXTargetDependency */,
			);
			name = TwelveCalcTests;
			productName = TwelveCalcTests;
			productReference = 2E1386902763F55100076516 /* TwelveCalcTests.xctest */;
			productType = "com.apple.product-type.bundle.unit-test";
		};
		2E1386992763F55100076516 /* TwelveCalcUITests */ = {
			isa = PBXNativeTarget;
			buildConfigurationList = 2E1386B42763F55100076516 /* Build configuration list for PBXNativeTarget "TwelveCalcUITests" */;
			buildPhases = (
				2E1386962763F55100076516 /* Sources */,
				2E1386972763F55100076516 /* Frameworks */,
				2E1386982763F55100076516 /* Resources */,
			);
			buildRules = (
			);
			dependencies = (
				2E13869C2763F55100076516 /* PBXTargetDependency */,
			);
			name = TwelveCalcUITests;
			productName = TwelveCalcUITests;
			productReference = 2E13869A2763F55100076516 /* TwelveCalcUITests.xctest */;
			productType = "com.apple.product-type.bundle.ui-testing";
		};
		2E1386A52763F55100076516 /* TwelveCalcTests */ = {
			isa = PBXNativeTarget;
			buildConfigurationList = 2E1386B72763F55100076516 /* Build configuration list for PBXNativeTarget "TwelveCalcTests" */;
			buildPhases = (
				2E1386A22763F55100076516 /* Sources */,
				2E1386A32763F55100076516 /* Frameworks */,
				2E1386A42763F55100076516 /* Resources */,
			);
			buildRules = (
			);
			dependencies = (
				2E1386A82763F55100076516 /* PBXTargetDependency */,
			);
			name = TwelveCalcTests;
			productName = TwelveCalcTests;
			productReference = 2E1386A62763F55100076516 /* TwelveCalcTests.xctest */;
			productType = "com.apple.product-type.bundle.unit-test";
		};
/* End PBXNativeTarget section */

/* Begin PBXProject section */
		2E1386752763F54E00076516 /* Project object */ = {
			isa = PBXProject;
			attributes = {
				BuildIndependentTargetsInParallel = 1;
				LastSwiftUpdateCheck = 1310;
				LastUpgradeCheck = 1310;
				TargetAttributes = {
					2E13867C2763F54E00076516 = {
						CreatedOnToolsVersion = 13.1;
					};
					2E13868F2763F55100076516 = {
						CreatedOnToolsVersion = 13.1;
						TestTargetID = 2E13867C2763F54E00076516;
					};
					2E1386992763F55100076516 = {
						CreatedOnToolsVersion = 13.1;
						TestTargetID = 2E13867C2763F54E00076516;
					};
					2E1386A52763F55100076516 = {
						CreatedOnToolsVersion = 13.1;
						TestTargetID = 2E13867C2763F54E00076516;
					};
				};
			};
			buildConfigurationList = 2E1386782763F54E00076516 /* Build configuration list for PBXProject "TwelveCalc" */;
			compatibilityVersion = "Xcode 13.0";
			developmentRegion = en;
			hasScannedForEncodings = 0;
			knownRegions = (
				en,
				Base,
			);
			mainGroup = 2E1386742763F54E00076516;
			productRefGroup = 2E13867E2763F54E00076516 /* Products */;
			projectDirPath = "";
			projectRoot = "";
			targets = (
				2E13867C2763F54E00076516 /* TwelveCalc */,
				2E13868F2763F55100076516 /* TwelveCalcTests */,
				2E1386992763F55100076516 /* TwelveCalcUITests */,
				2E1386A52763F55100076516 /* TwelveCalcTests */,
			);
		};
/* End PBXProject section */

/* Begin PBXResourcesBuildPhase section */
		2E13867B2763F54E00076516 /* Resources */ = {
			isa = PBXResourcesBuildPhase;
			buildActionMask = 2147483647;
			files = (
				2E1386872763F55100076516 /* Assets.xcassets in Resources */,
				2E13868A2763F55100076516 /* LaunchScreen.storyboard in Resources */,
			);
			runOnlyForDeploymentPostprocessing = 0;
		};
		2E13868E2763F55100076516 /* Resources */ = {
			isa = PBXResourcesBuildPhase;
			buildActionMask = 2147483647;
			files = (
			);
			runOnlyForDeploymentPostprocessing = 0;
		};
		2E1386982763F55100076516 /* Resources */ = {
			isa = PBXResourcesBuildPhase;
			buildActionMask = 2147483647;
			files = (
			);
			runOnlyForDeploymentPostprocessing = 0;
		};
		2E1386A42763F55100076516 /* Resources */ = {
			isa = PBXResourcesBuildPhase;
			buildActionMask = 2147483647;
			files = (
			);
			runOnlyForDeploymentPostprocessing = 0;
		};
/* End PBXResourcesBuildPhase section */

/* Begin PBXSourcesBuildPhase section */
		2E1386792763F54E00076516 /* Sources */ = {
			isa = PBXSourcesBuildPhase;
			buildActionMask = 2147483647;
			files = (
				2E1386852763F54E00076516 /* ViewController.swift in Sources */,
				2E1386812763F54E00076516 /* AppDelegate.swift in Sources */,
				2E1386832763F54E00076516 /* SceneDelegate.swift in Sources */,
			);
			runOnlyForDeploymentPostprocessing = 0;
		};
		2E13868C2763F55100076516 /* Sources */ = {
			isa = PBXSourcesBuildPhase;
			buildActionMask = 2147483647;
			files = (
				2E1386952763F55100076516 /* TwelveCalcTests.swift in Sources */,
			);
			runOnlyForDeploymentPostprocessing = 0;
		};
		2E1386962763F55100076516 /* Sources */ = {
			isa = PBXSourcesBuildPhase;
			buildActionMask = 2147483647;
			files = (
				2E1386A12763F55100076516 /* TwelveCalcUITestsLaunchTests.swift in Sources */,
				2E13869F2763F55100076516 /* TwelveCalcUITests.swift in Sources */,
			);
			runOnlyForDeploymentPostprocessing = 0;
		};
		2E1386A22763F55100076516 /* Sources */ = {
			isa = PBXSourcesBuildPhase;
			buildActionMask = 2147483647;
			files = (
				2E1386AB2763F55100076516 /* TwelveCalcTests.swift in Sources */,
			);
			runOnlyForDeploymentPostprocessing = 0;
		};
/* End PBXSourcesBuildPhase section */

/* Begin PBXTargetDependency section */
		2E1386922763F55100076516 /* PBXTargetDependency */ = {
			isa = PBXTargetDependency;
			target = 2E13867C2763F54E00076516 /* TwelveCalc */;
			targetProxy = 2E1386912763F55100076516 /* PBXContainerItemProxy */;
		};
		2E13869C2763F55100076516 /* PBXTargetDependency */ = {
			isa = PBXTargetDependency;
			target = 2E13867C2763F54E00076516 /* TwelveCalc */;
			targetProxy = 2E13869B2763F55100076516 /* PBXContainerItemProxy */;
		};
		2E1386A82763F55100076516 /* PBXTargetDependency */ = {
			isa = PBXTargetDependency;
			target = 2E13867C2763F54E00076516 /* TwelveCalc */;
			targetProxy = 2E1386A72763F55100076516 /* PBXContainerItemProxy */;
		};
/* End PBXTargetDependency section */

/* Begin PBXVariantGroup section */
		2E1386882763F55100076516 /* LaunchScreen.storyboard */ = {
			isa = PBXVariantGroup;
			children = (
				2E1386892763F55100076516 /* Base */,
			);
			name = LaunchScreen.storyboard;
			sourceTree = "<group>";
		};
/* End PBXVariantGroup section */

/* Begin XCBuildConfiguration section */
		2E1386AC2763F55100076516 /* Debug */ = {
			isa = XCBuildConfiguration;
			buildSettings = {
				ALWAYS_SEARCH_USER_PATHS = NO;
				CLANG_ANALYZER_NONNULL = YES;
				CLANG_ANALYZER_NUMBER_OBJECT_CONVERSION = YES_AGGRESSIVE;
				CLANG_CXX_LANGUAGE_STANDARD = "gnu++17";
				CLANG_CXX_LIBRARY = "libc++";
				CLANG_ENABLE_MODULES = YES;
				CLANG_ENABLE_OBJC_ARC = YES;
				CLANG_ENABLE_OBJC_WEAK = YES;
				CLANG_WARN_BLOCK_CAPTURE_AUTORELEASING = YES;
				CLANG_WARN_BOOL_CONVERSION = YES;
				CLANG_WARN_COMMA = YES;
				CLANG_WARN_CONSTANT_CONVERSION = YES;
				CLANG_WARN_DEPRECATED_OBJC_IMPLEMENTATIONS = YES;
				CLANG_WARN_DIRECT_OBJC_ISA_USAGE = YES_ERROR;
				CLANG_WARN_DOCUMENTATION_COMMENTS = YES;
				CLANG_WARN_EMPTY_BODY = YES;
				CLANG_WARN_ENUM_CONVERSION = YES;
				CLANG_WARN_INFINITE_RECURSION = YES;
				CLANG_WARN_INT_CONVERSION = YES;
				CLANG_WARN_NON_LITERAL_NULL_CONVERSION = YES;
				CLANG_WARN_OBJC_IMPLICIT_RETAIN_SELF = YES;
				CLANG_WARN_OBJC_LITERAL_CONVERSION = YES;
				CLANG_WARN_OBJC_ROOT_CLASS = YES_ERROR;
				CLANG_WARN_QUOTED_INCLUDE_IN_FRAMEWORK_HEADER = YES;
				CLANG_WARN_RANGE_LOOP_ANALYSIS = YES;
				CLANG_WARN_STRICT_PROTOTYPES = YES;
				CLANG_WARN_SUSPICIOUS_MOVE = YES;
				CLANG_WARN_UNGUARDED_AVAILABILITY = YES_AGGRESSIVE;
				CLANG_WARN_UNREACHABLE_CODE = YES;
				CLANG_WARN__DUPLICATE_METHOD_MATCH = YES;
				COPY_PHASE_STRIP = NO;
				DEBUG_INFORMATION_FORMAT = dwarf;
				ENABLE_STRICT_OBJC_MSGSEND = YES;
				ENABLE_TESTABILITY = YES;
				GCC_C_LANGUAGE_STANDARD = gnu11;
				GCC_DYNAMIC_NO_PIC = NO;
				GCC_NO_COMMON_BLOCKS = YES;
				GCC_OPTIMIZATION_LEVEL = 0;
				GCC_PREPROCESSOR_DEFINITIONS = (
					"DEBUG=1",
					"$(inherited)",
				);
				GCC_WARN_64_TO_32_BIT_CONVERSION = YES;
				GCC_WARN_ABOUT_RETURN_TYPE = YES_ERROR;
				GCC_WARN_UNDECLARED_SELECTOR = YES;
				GCC_WARN_UNINITIALIZED_AUTOS = YES_AGGRESSIVE;
				GCC_WARN_UNUSED_FUNCTION = YES;
				GCC_WARN_UNUSED_VARIABLE = YES;
				IPHONEOS_DEPLOYMENT_TARGET = 12.0;
				MTL_ENABLE_DEBUG_INFO = INCLUDE_SOURCE;
				MTL_FAST_MATH = YES;
				ONLY_ACTIVE_ARCH = YES;
				SDKROOT = iphoneos;
				SWIFT_ACTIVE_COMPILATION_CONDITIONS = DEBUG;
				SWIFT_OPTIMIZATION_LEVEL = "-Onone";
			};
			name = Debug;
		};
		2E1386AD2763F55100076516 /* Release */ = {
			isa = XCBuildConfiguration;
			buildSettings = {
				ALWAYS_SEARCH_USER_PATHS = NO;
				CLANG_ANALYZER_NONNULL = YES;
				CLANG_ANALYZER_NUMBER_OBJECT_CONVERSION = YES_AGGRESSIVE;
				CLANG_CXX_LANGUAGE_STANDARD = "gnu++17";
				CLANG_CXX_LIBRARY = "libc++";
				CLANG_ENABLE_MODULES = YES;
				CLANG_ENABLE_OBJC_ARC = YES;
				CLANG_ENABLE_OBJC_WEAK = YES;
				CLANG_WARN_BLOCK_CAPTURE_AUTORELEASING = YES;
				CLANG_WARN_BOOL_CONVERSION = YES;
				CLANG_WARN_COMMA = YES;
				CLANG_WARN_CONSTANT_CONVERSION = YES;
				CLANG_WARN_DEPRECATED_OBJC_IMPLEMENTATIONS = YES;
				CLANG_WARN_DIRECT_OBJC_ISA_USAGE = YES_ERROR;
				CLANG_WARN_DOCUMENTATION_COMMENTS = YES;
				CLANG_WARN_EMPTY_BODY = YES;
				CLANG_WARN_ENUM_CONVERSION = YES;
				CLANG_WARN_INFINITE_RECURSION = YES;
				CLANG_WARN_INT_CONVERSION = YES;
				CLANG_WARN_NON_LITERAL_NULL_CONVERSION = YES;
				CLANG_WARN_OBJC_IMPLICIT_RETAIN_SELF = YES;
				CLANG_WARN_OBJC_LITERAL_CONVERSION = YES;
				CLANG_WARN_OBJC_ROOT_CLASS = YES_ERROR;
				CLANG_WARN_QUOTED_INCLUDE_IN_FRAMEWORK_HEADER = YES;
				CLANG_WARN_RANGE_LOOP_ANALYSIS = YES;
				CLANG_WARN_STRICT_PROTOTYPES = YES;
				CLANG_WARN_SUSPICIOUS_MOVE = YES;
				CLANG_WARN_UNGUARDED_AVAILABILITY = YES_AGGRESSIVE;
				CLANG_WARN_UNREACHABLE_CODE = YES;
				CLANG_WARN__DUPLICATE_METHOD_MATCH = YES;
				COPY_PHASE_STRIP = NO;
				DEBUG_INFORMATION_FORMAT = "dwarf-with-dsym";
				ENABLE_NS_ASSERTIONS = NO;
				ENABLE_STRICT_OBJC_MSGSEND = YES;
				GCC_C_LANGUAGE_STANDARD = gnu11;
				GCC_NO_COMMON_BLOCKS = YES;
				GCC_WARN_64_TO_32_BIT_CONVERSION = YES;
				GCC_WARN_ABOUT_RETURN_TYPE = YES_ERROR;
				GCC_WARN_UNDECLARED_SELECTOR = YES;
				GCC_WARN_UNINITIALIZED_AUTOS = YES_AGGRESSIVE;
				GCC_WARN_UNUSED_FUNCTION = YES;
				GCC_WARN_UNUSED_VARIABLE = YES;
				IPHONEOS_DEPLOYMENT_TARGET = 12.0;
				MTL_ENABLE_DEBUG_INFO = NO;
				MTL_FAST_MATH = YES;
				SDKROOT = iphoneos;
				SWIFT_COMPILATION_MODE = wholemodule;
				SWIFT_OPTIMIZATION_LEVEL = "-O";
				VALIDATE_PRODUCT = YES;
			};
			name = Release;
		};
		2E1386AF2763F55100076516 /* Debug */ = {
			isa = XCBuildConfiguration;
			buildSettings = {
				ASSETCATALOG_COMPILER_APPICON_NAME = AppIcon;
				ASSETCATALOG_COMPILER_GLOBAL_ACCENT_COLOR_NAME = AccentColor;
				CODE_SIGN_STYLE = Automatic;
				CURRENT_PROJECT_VERSION = 1;
				DEVELOPMENT_TEAM = MYU6NE7WY6;
				GENERATE_INFOPLIST_FILE = YES;
				INFOPLIST_KEY_UIApplicationSupportsIndirectInputEvents = YES;
				INFOPLIST_KEY_UILaunchStoryboardName = LaunchScreen;
				INFOPLIST_KEY_UISupportedInterfaceOrientations_iPad = "UIInterfaceOrientationPortrait UIInterfaceOrientationPortraitUpsideDown UIInterfaceOrientationLandscapeLeft UIInterfaceOrientationLandscapeRight";
				INFOPLIST_KEY_UISupportedInterfaceOrientations_iPhone = "UIInterfaceOrientationPortrait UIInterfaceOrientationLandscapeLeft UIInterfaceOrientationLandscapeRight";
				LD_RUNPATH_SEARCH_PATHS = (
					"$(inherited)",
					"@executable_path/Frameworks",
				);
				MARKETING_VERSION = 1.0;
				PRODUCT_BUNDLE_IDENTIFIER = "org.appel-rockhold.TwelveCalc";
				PRODUCT_NAME = "$(TARGET_NAME)";
				SWIFT_EMIT_LOC_STRINGS = YES;
				SWIFT_VERSION = 5.0;
				TARGETED_DEVICE_FAMILY = "1,2";
			};
			name = Debug;
		};
		2E1386B02763F55100076516 /* Release */ = {
			isa = XCBuildConfiguration;
			buildSettings = {
				ASSETCATALOG_COMPILER_APPICON_NAME = AppIcon;
				ASSETCATALOG_COMPILER_GLOBAL_ACCENT_COLOR_NAME = AccentColor;
				CODE_SIGN_STYLE = Automatic;
				CURRENT_PROJECT_VERSION = 1;
				DEVELOPMENT_TEAM = MYU6NE7WY6;
				GENERATE_INFOPLIST_FILE = YES;
				INFOPLIST_KEY_UIApplicationSupportsIndirectInputEvents = YES;
				INFOPLIST_KEY_UILaunchStoryboardName = LaunchScreen;
				INFOPLIST_KEY_UISupportedInterfaceOrientations_iPad = "UIInterfaceOrientationPortrait UIInterfaceOrientationPortraitUpsideDown UIInterfaceOrientationLandscapeLeft UIInterfaceOrientationLandscapeRight";
				INFOPLIST_KEY_UISupportedInterfaceOrientations_iPhone = "UIInterfaceOrientationPortrait UIInterfaceOrientationLandscapeLeft UIInterfaceOrientationLandscapeRight";
				LD_RUNPATH_SEARCH_PATHS = (
					"$(inherited)",
					"@executable_path/Frameworks",
				);
				MARKETING_VERSION = 1.0;
				PRODUCT_BUNDLE_IDENTIFIER = "org.appel-rockhold.TwelveCalc";
				PRODUCT_NAME = "$(TARGET_NAME)";
				SWIFT_EMIT_LOC_STRINGS = YES;
				SWIFT_VERSION = 5.0;
				TARGETED_DEVICE_FAMILY = "1,2";
			};
			name = Release;
		};
		2E1386B22763F55100076516 /* Debug */ = {
			isa = XCBuildConfiguration;
			buildSettings = {
				ALWAYS_EMBED_SWIFT_STANDARD_LIBRARIES = YES;
				BUNDLE_LOADER = "$(TEST_HOST)";
				CODE_SIGN_STYLE = Automatic;
				CURRENT_PROJECT_VERSION = 1;
				DEVELOPMENT_TEAM = MYU6NE7WY6;
				GENERATE_INFOPLIST_FILE = YES;
				IPHONEOS_DEPLOYMENT_TARGET = 12.0;
				LD_RUNPATH_SEARCH_PATHS = (
					"$(inherited)",
					"@executable_path/Frameworks",
					"@loader_path/Frameworks",
				);
				MARKETING_VERSION = 1.0;
				PRODUCT_BUNDLE_IDENTIFIER = "org.appel-rockhold.TwelveCalcTests";
				PRODUCT_NAME = "$(TARGET_NAME)";
				SWIFT_EMIT_LOC_STRINGS = NO;
				SWIFT_VERSION = 5.0;
				TARGETED_DEVICE_FAMILY = "1,2";
				TEST_HOST = "$(BUILT_PRODUCTS_DIR)/TwelveCalc.app/TwelveCalc";
			};
			name = Debug;
		};
		2E1386B32763F55100076516 /* Release */ = {
			isa = XCBuildConfiguration;
			buildSettings = {
				ALWAYS_EMBED_SWIFT_STANDARD_LIBRARIES = YES;
				BUNDLE_LOADER = "$(TEST_HOST)";
				CODE_SIGN_STYLE = Automatic;
				CURRENT_PROJECT_VERSION = 1;
				DEVELOPMENT_TEAM = MYU6NE7WY6;
				GENERATE_INFOPLIST_FILE = YES;
				IPHONEOS_DEPLOYMENT_TARGET = 12.0;
				LD_RUNPATH_SEARCH_PATHS = (
					"$(inherited)",
					"@executable_path/Frameworks",
					"@loader_path/Frameworks",
				);
				MARKETING_VERSION = 1.0;
				PRODUCT_BUNDLE_IDENTIFIER = "org.appel-rockhold.TwelveCalcTests";
				PRODUCT_NAME = "$(TARGET_NAME)";
				SWIFT_EMIT_LOC_STRINGS = NO;
				SWIFT_VERSION = 5.0;
				TARGETED_DEVICE_FAMILY = "1,2";
				TEST_HOST = "$(BUILT_PRODUCTS_DIR)/TwelveCalc.app/TwelveCalc";
			};
			name = Release;
		};
		2E1386B52763F55100076516 /* Debug */ = {
			isa = XCBuildConfiguration;
			buildSettings = {
				ALWAYS_EMBED_SWIFT_STANDARD_LIBRARIES = YES;
				CODE_SIGN_STYLE = Automatic;
				CURRENT_PROJECT_VERSION = 1;
				DEVELOPMENT_TEAM = MYU6NE7WY6;
				GENERATE_INFOPLIST_FILE = YES;
				IPHONEOS_DEPLOYMENT_TARGET = 15.0;
				LD_RUNPATH_SEARCH_PATHS = (
					"$(inherited)",
					"@executable_path/Frameworks",
					"@loader_path/Frameworks",
				);
				MARKETING_VERSION = 1.0;
				PRODUCT_BUNDLE_IDENTIFIER = "org.appel-rockhold.TwelveCalcUITests";
				PRODUCT_NAME = "$(TARGET_NAME)";
				SWIFT_EMIT_LOC_STRINGS = NO;
				SWIFT_VERSION = 5.0;
				TARGETED_DEVICE_FAMILY = "1,2";
				TEST_TARGET_NAME = TwelveCalc;
			};
			name = Debug;
		};
		2E1386B62763F55100076516 /* Release */ = {
			isa = XCBuildConfiguration;
			buildSettings = {
				ALWAYS_EMBED_SWIFT_STANDARD_LIBRARIES = YES;
				CODE_SIGN_STYLE = Automatic;
				CURRENT_PROJECT_VERSION = 1;
				DEVELOPMENT_TEAM = MYU6NE7WY6;
				GENERATE_INFOPLIST_FILE = YES;
				IPHONEOS_DEPLOYMENT_TARGET = 15.0;
				LD_RUNPATH_SEARCH_PATHS = (
					"$(inherited)",
					"@executable_path/Frameworks",
					"@loader_path/Frameworks",
				);
				MARKETING_VERSION = 1.0;
				PRODUCT_BUNDLE_IDENTIFIER = "org.appel-rockhold.TwelveCalcUITests";
				PRODUCT_NAME = "$(TARGET_NAME)";
				SWIFT_EMIT_LOC_STRINGS = NO;
				SWIFT_VERSION = 5.0;
				TARGETED_DEVICE_FAMILY = "1,2";
				TEST_TARGET_NAME = TwelveCalc;
			};
			name = Release;
		};
		2E1386B82763F55100076516 /* Debug */ = {
			isa = XCBuildConfiguration;
			buildSettings = {
				ALWAYS_EMBED_SWIFT_STANDARD_LIBRARIES = YES;
				BUNDLE_LOADER = "$(TEST_HOST)";
				CODE_SIGN_STYLE = Automatic;
				CURRENT_PROJECT_VERSION = 1;
				DEVELOPMENT_TEAM = MYU6NE7WY6;
				GENERATE_INFOPLIST_FILE = YES;
				IPHONEOS_DEPLOYMENT_TARGET = 12.0;
				LD_RUNPATH_SEARCH_PATHS = (
					"$(inherited)",
					"@executable_path/Frameworks",
					"@loader_path/Frameworks",
				);
				MARKETING_VERSION = 1.0;
				PRODUCT_BUNDLE_IDENTIFIER = "org.appel-rockhold.TwelveCalcTests";
				PRODUCT_NAME = "$(TARGET_NAME)";
				SWIFT_EMIT_LOC_STRINGS = NO;
				SWIFT_VERSION = 5.0;
				TARGETED_DEVICE_FAMILY = "1,2";
				TEST_HOST = "$(BUILT_PRODUCTS_DIR)/TwelveCalc.app/TwelveCalc";
			};
			name = Debug;
		};
		2E1386B92763F55100076516 /* Release */ = {
			isa = XCBuildConfiguration;
			buildSettings = {
				ALWAYS_EMBED_SWIFT_STANDARD_LIBRARIES = YES;
				BUNDLE_LOADER = "$(TEST_HOST)";
				CODE_SIGN_STYLE = Automatic;
				CURRENT_PROJECT_VERSION = 1;
				DEVELOPMENT_TEAM = MYU6NE7WY6;
				GENERATE_INFOPLIST_FILE = YES;
				IPHONEOS_DEPLOYMENT_TARGET = 12.0;
				LD_RUNPATH_SEARCH_PATHS = (
					"$(inherited)",
					"@executable_path/Frameworks",
					"@loader_path/Frameworks",
				);
				MARKETING_VERSION = 1.0;
				PRODUCT_BUNDLE_IDENTIFIER = "org.appel-rockhold.TwelveCalcTests";
				PRODUCT_NAME = "$(TARGET_NAME)";
				SWIFT_EMIT_LOC_STRINGS = NO;
				SWIFT_VERSION = 5.0;
				TARGETED_DEVICE_FAMILY = "1,2";
				TEST_HOST = "$(BUILT_PRODUCTS_DIR)/TwelveCalc.app/TwelveCalc";
			};
			name = Release;
		};
/* End XCBuildConfiguration section */

/* Begin XCConfigurationList section */
		2E1386782763F54E00076516 /* Build configuration list for PBXProject "TwelveCalc" */ = {
			isa = XCConfigurationList;
			buildConfigurations = (
				2E1386AC2763F55100076516 /* Debug */,
				2E1386AD2763F55100076516 /* Release */,
			);
			defaultConfigurationIsVisible = 0;
			defaultConfigurationName = Release;
		};
		2E1386AE2763F55100076516 /* Build configuration list for PBXNativeTarget "TwelveCalc" */ = {
			isa = XCConfigurationList;
			buildConfigurations = (
				2E1386AF2763F55100076516 /* Debug */,
				2E1386B02763F55100076516 /* Release */,
			);
			defaultConfigurationIsVisible = 0;
			defaultConfigurationName = Release;
		};
		2E1386B12763F55100076516 /* Build configuration list for PBXNativeTarget "TwelveCalcTests" */ = {
			isa = XCConfigurationList;
			buildConfigurations = (
				2E1386B22763F55100076516 /* Debug */,
				2E1386B32763F55100076516 /* Release */,
			);
			defaultConfigurationIsVisible = 0;
			defaultConfigurationName = Release;
		};
		2E1386B42763F55100076516 /* Build configuration list for PBXNativeTarget "TwelveCalcUITests" */ = {
			isa = XCConfigurationList;
			buildConfigurations = (
				2E1386B52763F55100076516 /* Debug */,
				2E1386B62763F55100076516 /* Release */,
			);
			defaultConfigurationIsVisible = 0;
			defaultConfigurationName = Release;
		};
		2E1386B72763F55100076516 /* Build configuration list for PBXNativeTarget "TwelveCalcTests" */ = {
			isa = XCConfigurationList;
			buildConfigurations = (
				2E1386B82763F55100076516 /* Debug */,
				2E1386B92763F55100076516 /* Release */,
			);
			defaultConfigurationIsVisible = 0;
			defaultConfigurationName = Release;
		};
/* End XCConfigurationList section */
	};
	rootObject = 2E1386752763F54E00076516 /* Project object */;
}
